
Microsoft Visual Studio Solution File, Format Version 12.00
# Visual Studio Version 17
VisualStudioVersion = 17.2.32414.248
MinimumVisualStudioVersion = 10.0.40219.1
Project("{FAE04EC0-301F-11D3-BF4B-00C04F79EFBC}") = "ConsoleWordTest", "ConsoleWordTest.csproj", "{97368DFB-6B75-4C04-9907-62A6ADA92E43}"
EndProject
Global
	GlobalSection(SolutionConfigurationPlatforms) = preSolution
		Debug|Any CPU = Debug|Any CPU
		Release|Any CPU = Release|Any CPU
	EndGlobalSection
	GlobalSection(ProjectConfigurationPlatforms) = postSolution
		{97368DFB-6B75-4C04-9907-62A6ADA92E43}.Debug|Any CPU.ActiveCfg = Debug|Any CPU
		{97368DFB-6B75-4C04-9907-62A6ADA92E43}.Debug|Any CPU.Build.0 = Debug|Any CPU
		{97368DFB-6B75-4C04-9907-62A6ADA92E43}.Release|Any CPU.ActiveCfg = Release|Any CPU
		{97368DFB-6B75-4C04-9907-62A6ADA92E43}.Release|Any CPU.Build.0 = Release|Any CPU
	EndGlobalSection
	GlobalSection(SolutionProperties) = preSolution
		HideSolutionNode = FALSE
	EndGlobalSection
	GlobalSection(ExtensibilityGlobals) = postSolution
		SolutionGuid = {BC89F10B-1B79-410F-B3BE-30E819F1BC76}
	EndGlobalSection
EndGlobal
